lockfileVersion: '9.0'

settings:
  autoInstallPeers: true
  excludeLinksFromLockfile: false

importers:

  .:
    dependencies:
      geographiclib-geodesic:
        specifier: 2.2.0
        version: 2.2.0
    devDependencies:
      prettier:
        specifier: 3.6.2
        version: 3.6.2

packages:

  geographiclib-geodesic@2.2.0:
    resolution: {integrity: sha512-cIedo9VTYb0DFufodgibDmVfsWe9EASqb/kUByl09xc6PZYvLvlc89BHCThtGTPf2OII/zWJGxsR3Uz6O7QOVw==}

  prettier@3.6.2:
    resolution: {integrity: sha512-I7AIg5boAr5R0FFtJ6rCfD+LFsWHp81dolrFD8S79U9tb8Az2nGrJncnMSnys+bpQJfRUzqs9hnA81OAA3hCuQ==}
    engines: {node: '>=14'}
    hasBin: true

snapshots:

  geographiclib-geodesic@2.2.0: {}

  prettier@3.6.2: {}
